
Microsoft Visual Studio Solution File, Format Version 12.00
# Visual Studio Version 16
VisualStudioVersion = 16.0.29403.142
MinimumVisualStudioVersion = 10.0.40219.1
Project("{F2A71F9B-5D33-465A-A702-920D77279786}") = "MachineLearningRecogzi", "MachineLearningRecogzi\MachineLearningRecogzi.fsproj", "{3026BC9E-A6AD-424E-84A1-BC1B588EDB0D}"
EndProject
Project("{FAE04EC0-301F-11D3-BF4B-00C04F79EFBC}") = "Recog", "Recog\Recog.csproj", "{E7603081-1718-401A-8196-6538BB5D66AE}"
EndProject
Project("{6EC3EE1D-3C4E-46DD-8F32-0CC8E7565705}") = "RecogZiAPI", "RecogZiAPI\RecogZiAPI.fsproj", "{A2633C60-FCE3-4697-A27D-FD1047188F2F}"
EndProject
Global
	GlobalSection(SolutionConfigurationPlatforms) = preSolution
		Debug|Any CPU = Debug|Any CPU
		Release|Any CPU = Release|Any CPU
	EndGlobalSection
	GlobalSection(ProjectConfigurationPlatforms) = postSolution
		{3026BC9E-A6AD-424E-84A1-BC1B588EDB0D}.Debug|Any CPU.ActiveCfg = Debug|Any CPU
		{3026BC9E-A6AD-424E-84A1-BC1B588EDB0D}.Debug|Any CPU.Build.0 = Debug|Any CPU
		{3026BC9E-A6AD-424E-84A1-BC1B588EDB0D}.Release|Any CPU.ActiveCfg = Release|Any CPU
		{3026BC9E-A6AD-424E-84A1-BC1B588EDB0D}.Release|Any CPU.Build.0 = Release|Any CPU
		{E7603081-1718-401A-8196-6538BB5D66AE}.Debug|Any CPU.ActiveCfg = Debug|Any CPU
		{E7603081-1718-401A-8196-6538BB5D66AE}.Debug|Any CPU.Build.0 = Debug|Any CPU
		{E7603081-1718-401A-8196-6538BB5D66AE}.Release|Any CPU.ActiveCfg = Release|Any CPU
		{E7603081-1718-401A-8196-6538BB5D66AE}.Release|Any CPU.Build.0 = Release|Any CPU
		{A2633C60-FCE3-4697-A27D-FD1047188F2F}.Debug|Any CPU.ActiveCfg = Debug|Any CPU
		{A2633C60-FCE3-4697-A27D-FD1047188F2F}.Debug|Any CPU.Build.0 = Debug|Any CPU
		{A2633C60-FCE3-4697-A27D-FD1047188F2F}.Release|Any CPU.ActiveCfg = Release|Any CPU
		{A2633C60-FCE3-4697-A27D-FD1047188F2F}.Release|Any CPU.Build.0 = Release|Any CPU
	EndGlobalSection
	GlobalSection(SolutionProperties) = preSolution
		HideSolutionNode = FALSE
	EndGlobalSection
	GlobalSection(ExtensibilityGlobals) = postSolution
		SolutionGuid = {846067F6-3E70-4C5A-8C7E-05D23014B2BF}
	EndGlobalSection
EndGlobal
